// !$*UTF8*$!
{
	archiveVersion = 1;
	classes = {
	};
	objectVersion = 55;
	objects = {

/* Begin PBXBuildFile section */
		66B0213128E790A000EEA261 /* AppDelegate.swift in Sources */ = {isa = PBXBuildFile; fileRef = 66B0213028E790A000EEA261 /* AppDelegate.swift */; };
		66B0213328E790A000EEA261 /* SceneDelegate.swift in Sources */ = {isa = PBXBuildFile; fileRef = 66B0213228E790A000EEA261 /* SceneDelegate.swift */; };
		66B0213528E790A000EEA261 /* ViewController.swift in Sources */ = {isa = PBXBuildFile; fileRef = 66B0213428E790A000EEA261 /* ViewController.swift */; };
		66B0213828E790A000EEA261 /* Main.storyboard in Resources */ = {isa = PBXBuildFile; fileRef = 66B0213628E790A000EEA261 /* Main.storyboard */; };
		66B0213A28E790A000EEA261 /* Assets.xcassets in Resources */ = {isa = PBXBuildFile; fileRef = 66B0213928E790A000EEA261 /* Assets.xcassets */; };
		66B0213D28E790A000EEA261 /* LaunchScreen.storyboard in Resources */ = {isa = PBXBuildFile; fileRef = 66B0213B28E790A000EEA261 /* LaunchScreen.storyboard */; };
		66B0214828E84A4400EEA261 /* TemelView.swift in Sources */ = {isa = PBXBuildFile; fileRef = 66B0214728E84A4400EEA261 /* TemelView.swift */; };
		66B0214A28E84A5000EEA261 /* YemekDetaylariView.swift in Sources */ = {isa = PBXBuildFile; fileRef = 66B0214928E84A5000EEA261 /* YemekDetaylariView.swift */; };
		66B0214C28E84C3C00EEA261 /* YemekDetaylariViewController.swift in Sources */ = {isa = PBXBuildFile; fileRef = 66B0214B28E84C3C00EEA261 /* YemekDetaylariViewController.swift */; };
		66B0214F28E84CFE00EEA261 /* RestoranlarTableViewController.swift in Sources */ = {isa = PBXBuildFile; fileRef = 66B0214E28E84CFE00EEA261 /* RestoranlarTableViewController.swift */; };
		66B0215128E84D2D00EEA261 /* RestoranlarTableViewCell.swift in Sources */ = {isa = PBXBuildFile; fileRef = 66B0215028E84D2D00EEA261 /* RestoranlarTableViewCell.swift */; };
		66B0215528E84DD300EEA261 /* KonumView.swift in Sources */ = {isa = PBXBuildFile; fileRef = 66B0215428E84DD300EEA261 /* KonumView.swift */; };
		66B0215728E84EAA00EEA261 /* KonumViewController.swift in Sources */ = {isa = PBXBuildFile; fileRef = 66B0215628E84EAA00EEA261 /* KonumViewController.swift */; };
		66B0215A28E856CB00EEA261 /* KonumServis.swift in Sources */ = {isa = PBXBuildFile; fileRef = 66B0215928E856CB00EEA261 /* KonumServis.swift */; };
/* End PBXBuildFile section */

/* Begin PBXFileReference section */
		66B0212D28E790A000EEA261 /* RestaurantApp.app */ = {isa = PBXFileReference; explicitFileType = wrapper.application; includeInIndex = 0; path = RestaurantApp.app; sourceTree = BUILT_PRODUCTS_DIR; };
		66B0213028E790A000EEA261 /* AppDelegate.swift */ = {isa = PBXFileReference; lastKnownFileType = sourcecode.swift; path = AppDelegate.swift; sourceTree = "<group>"; };
		66B0213228E790A000EEA261 /* SceneDelegate.swift */ = {isa = PBXFileReference; lastKnownFileType = sourcecode.swift; path = SceneDelegate.swift; sourceTree = "<group>"; };
		66B0213428E790A000EEA261 /* ViewController.swift */ = {isa = PBXFileReference; lastKnownFileType = sourcecode.swift; path = ViewController.swift; sourceTree = "<group>"; };
		66B0213728E790A000EEA261 /* Base */ = {isa = PBXFileReference; lastKnownFileType = file.storyboard; name = Base; path = Base.lproj/Main.storyboard; sourceTree = "<group>"; };
		66B0213928E790A000EEA261 /* Assets.xcassets */ = {isa = PBXFileReference; lastKnownFileType = folder.assetcatalog; path = Assets.xcassets; sourceTree = "<group>"; };
		66B0213C28E790A000EEA261 /* Base */ = {isa = PBXFileReference; lastKnownFileType = file.storyboard; name = Base; path = Base.lproj/LaunchScreen.storyboard; sourceTree = "<group>"; };
		66B0213E28E790A000EEA261 /* Info.plist */ = {isa = PBXFileReference; lastKnownFileType = text.plist.xml; path = Info.plist; sourceTree = "<group>"; };
		66B0214728E84A4400EEA261 /* TemelView.swift */ = {isa = PBXFileReference; lastKnownFileType = sourcecode.swift; path = TemelView.swift; sourceTree = "<group>"; };
		66B0214928E84A5000EEA261 /* YemekDetaylariView.swift */ = {isa = PBXFileReference; lastKnownFileType = sourcecode.swift; path = YemekDetaylariView.swift; sourceTree = "<group>"; };
		66B0214B28E84C3C00EEA261 /* YemekDetaylariViewController.swift */ = {isa = PBXFileReference; lastKnownFileType = sourcecode.swift; path = YemekDetaylariViewController.swift; sourceTree = "<group>"; };
		66B0214E28E84CFE00EEA261 /* RestoranlarTableViewController.swift */ = {isa = PBXFileReference; lastKnownFileType = sourcecode.swift; path = RestoranlarTableViewController.swift; sourceTree = "<group>"; };
		66B0215028E84D2D00EEA261 /* RestoranlarTableViewCell.swift */ = {isa = PBXFileReference; lastKnownFileType = sourcecode.swift; path = RestoranlarTableViewCell.swift; sourceTree = "<group>"; };
		66B0215428E84DD300EEA261 /* KonumView.swift */ = {isa = PBXFileReference; lastKnownFileType = sourcecode.swift; path = KonumView.swift; sourceTree = "<group>"; };
		66B0215628E84EAA00EEA261 /* KonumViewController.swift */ = {isa = PBXFileReference; lastKnownFileType = sourcecode.swift; path = KonumViewController.swift; sourceTree = "<group>"; };
		66B0215928E856CB00EEA261 /* KonumServis.swift */ = {isa = PBXFileReference; lastKnownFileType = sourcecode.swift; path = KonumServis.swift; sourceTree = "<group>"; };
/* End PBXFileReference section */

/* Begin PBXFrameworksBuildPhase section */
		66B0212A28E790A000EEA261 /* Frameworks */ = {
			isa = PBXFrameworksBuildPhase;
			buildActionMask = 2147483647;
			files = (
			);
			runOnlyForDeploymentPostprocessing = 0;
		};
/* End PBXFrameworksBuildPhase section */

/* Begin PBXGroup section */
		66B0212428E790A000EEA261 = {
			isa = PBXGroup;
			children = (
				66B0212F28E790A000EEA261 /* RestaurantApp */,
				66B0212E28E790A000EEA261 /* Products */,
			);
			sourceTree = "<group>";
		};
		66B0212E28E790A000EEA261 /* Products */ = {
			isa = PBXGroup;
			children = (
				66B0212D28E790A000EEA261 /* RestaurantApp.app */,
			);
			name = Products;
			sourceTree = "<group>";
		};
		66B0212F28E790A000EEA261 /* RestaurantApp */ = {
			isa = PBXGroup;
			children = (
				66B0215828E856AE00EEA261 /* Servisler */,
				66B0214428E84A1B00EEA261 /* Sayfalar */,
				66B0213028E790A000EEA261 /* AppDelegate.swift */,
				66B0213228E790A000EEA261 /* SceneDelegate.swift */,
				66B0213428E790A000EEA261 /* ViewController.swift */,
				66B0213628E790A000EEA261 /* Main.storyboard */,
				66B0213928E790A000EEA261 /* Assets.xcassets */,
				66B0213B28E790A000EEA261 /* LaunchScreen.storyboard */,
				66B0213E28E790A000EEA261 /* Info.plist */,
			);
			path = RestaurantApp;
			sourceTree = "<group>";
		};
		66B0214428E84A1B00EEA261 /* Sayfalar */ = {
			isa = PBXGroup;
			children = (
				66B0215228E84D9B00EEA261 /* Konum */,
				66B0214D28E84CDD00EEA261 /* RestoranListesi */,
				66B0214528E84A2100EEA261 /* Detaylar */,
			);
			path = Sayfalar;
			sourceTree = "<group>";
		};
		66B0214528E84A2100EEA261 /* Detaylar */ = {
			isa = PBXGroup;
			children = (
				66B0214628E84A2800EEA261 /* View */,
				66B0214B28E84C3C00EEA261 /* YemekDetaylariViewController.swift */,
			);
			path = Detaylar;
			sourceTree = "<group>";
		};
		66B0214628E84A2800EEA261 /* View */ = {
			isa = PBXGroup;
			children = (
				66B0214728E84A4400EEA261 /* TemelView.swift */,
				66B0214928E84A5000EEA261 /* YemekDetaylariView.swift */,
				66B0215028E84D2D00EEA261 /* RestoranlarTableViewCell.swift */,
			);
			path = View;
			sourceTree = "<group>";
		};
		66B0214D28E84CDD00EEA261 /* RestoranListesi */ = {
			isa = PBXGroup;
			children = (
				66B0214E28E84CFE00EEA261 /* RestoranlarTableViewController.swift */,
			);
			path = RestoranListesi;
			sourceTree = "<group>";
		};
		66B0215228E84D9B00EEA261 /* Konum */ = {
			isa = PBXGroup;
			children = (
				66B0215328E84DA900EEA261 /* View */,
				66B0215628E84EAA00EEA261 /* KonumViewController.swift */,
			);
			path = Konum;
			sourceTree = "<group>";
		};
		66B0215328E84DA900EEA261 /* View */ = {
			isa = PBXGroup;
			children = (
				66B0215428E84DD300EEA261 /* KonumView.swift */,
			);
			path = View;
			sourceTree = "<group>";
		};
		66B0215828E856AE00EEA261 /* Servisler */ = {
			isa = PBXGroup;
			children = (
				66B0215928E856CB00EEA261 /* KonumServis.swift */,
			);
			path = Servisler;
			sourceTree = "<group>";
		};
/* End PBXGroup section */

/* Begin PBXNativeTarget section */
		66B0212C28E790A000EEA261 /* RestaurantApp */ = {
			isa = PBXNativeTarget;
			buildConfigurationList = 66B0214128E790A000EEA261 /* Build configuration list for PBXNativeTarget "RestaurantApp" */;
			buildPhases = (
				66B0212928E790A000EEA261 /* Sources */,
				66B0212A28E790A000EEA261 /* Frameworks */,
				66B0212B28E790A000EEA261 /* Resources */,
			);
			buildRules = (
			);
			dependencies = (
			);
			name = RestaurantApp;
			productName = RestaurantApp;
			productReference = 66B0212D28E790A000EEA261 /* RestaurantApp.app */;
			productType = "com.apple.product-type.application";
		};
/* End PBXNativeTarget section */

/* Begin PBXProject section */
		66B0212528E790A000EEA261 /* Project object */ = {
			isa = PBXProject;
			attributes = {
				BuildIndependentTargetsInParallel = 1;
				LastSwiftUpdateCheck = 1340;
				LastUpgradeCheck = 1340;
				TargetAttributes = {
					66B0212C28E790A000EEA261 = {
						CreatedOnToolsVersion = 13.4.1;
					};
				};
			};
			buildConfigurationList = 66B0212828E790A000EEA261 /* Build configuration list for PBXProject "RestaurantApp" */;
			compatibilityVersion = "Xcode 13.0";
			developmentRegion = en;
			hasScannedForEncodings = 0;
			knownRegions = (
				en,
				Base,
			);
			mainGroup = 66B0212428E790A000EEA261;
			productRefGroup = 66B0212E28E790A000EEA261 /* Products */;
			projectDirPath = "";
			projectRoot = "";
			targets = (
				66B0212C28E790A000EEA261 /* RestaurantApp */,
			);
		};
/* End PBXProject section */

/* Begin PBXResourcesBuildPhase section */
		66B0212B28E790A000EEA261 /* Resources */ = {
			isa = PBXResourcesBuildPhase;
			buildActionMask = 2147483647;
			files = (
				66B0213D28E790A000EEA261 /* LaunchScreen.storyboard in Resources */,
				66B0213A28E790A000EEA261 /* Assets.xcassets in Resources */,
				66B0213828E790A000EEA261 /* Main.storyboard in Resources */,
			);
			runOnlyForDeploymentPostprocessing = 0;
		};
/* End PBXResourcesBuildPhase section */

/* Begin PBXSourcesBuildPhase section */
		66B0212928E790A000EEA261 /* Sources */ = {
			isa = PBXSourcesBuildPhase;
			buildActionMask = 2147483647;
			files = (
				66B0215528E84DD300EEA261 /* KonumView.swift in Sources */,
				66B0214C28E84C3C00EEA261 /* YemekDetaylariViewController.swift in Sources */,
				66B0215128E84D2D00EEA261 /* RestoranlarTableViewCell.swift in Sources */,
				66B0214828E84A4400EEA261 /* TemelView.swift in Sources */,
				66B0213528E790A000EEA261 /* ViewController.swift in Sources */,
				66B0215728E84EAA00EEA261 /* KonumViewController.swift in Sources */,
				66B0213128E790A000EEA261 /* AppDelegate.swift in Sources */,
				66B0214A28E84A5000EEA261 /* YemekDetaylariView.swift in Sources */,
				66B0214F28E84CFE00EEA261 /* RestoranlarTableViewController.swift in Sources */,
				66B0215A28E856CB00EEA261 /* KonumServis.swift in Sources */,
				66B0213328E790A000EEA261 /* SceneDelegate.swift in Sources */,
			);
			runOnlyForDeploymentPostprocessing = 0;
		};
/* End PBXSourcesBuildPhase section */

/* Begin PBXVariantGroup section */
		66B0213628E790A000EEA261 /* Main.storyboard */ = {
			isa = PBXVariantGroup;
			children = (
				66B0213728E790A000EEA261 /* Base */,
			);
			name = Main.storyboard;
			sourceTree = "<group>";
		};
		66B0213B28E790A000EEA261 /* LaunchScreen.storyboard */ = {
			isa = PBXVariantGroup;
			children = (
				66B0213C28E790A000EEA261 /* Base */,
			);
			name = LaunchScreen.storyboard;
			sourceTree = "<group>";
		};
/* End PBXVariantGroup section */

/* Begin XCBuildConfiguration section */
		66B0213F28E790A000EEA261 /* Debug */ = {
			isa = XCBuildConfiguration;
			buildSettings = {
				ALWAYS_SEARCH_USER_PATHS = NO;
				CLANG_ANALYZER_NONNULL = YES;
				CLANG_ANALYZER_NUMBER_OBJECT_CONVERSION = YES_AGGRESSIVE;
				CLANG_CXX_LANGUAGE_STANDARD = "gnu++17";
				CLANG_ENABLE_MODULES = YES;
				CLANG_ENABLE_OBJC_ARC = YES;
				CLANG_ENABLE_OBJC_WEAK = YES;
				CLANG_WARN_BLOCK_CAPTURE_AUTORELEASING = YES;
				CLANG_WARN_BOOL_CONVERSION = YES;
				CLANG_WARN_COMMA = YES;
				CLANG_WARN_CONSTANT_CONVERSION = YES;
				CLANG_WARN_DEPRECATED_OBJC_IMPLEMENTATIONS = YES;
				CLANG_WARN_DIRECT_OBJC_ISA_USAGE = YES_ERROR;
				CLANG_WARN_DOCUMENTATION_COMMENTS = YES;
				CLANG_WARN_EMPTY_BODY = YES;
				CLANG_WARN_ENUM_CONVERSION = YES;
				CLANG_WARN_INFINITE_RECURSION = YES;
				CLANG_WARN_INT_CONVERSION = YES;
				CLANG_WARN_NON_LITERAL_NULL_CONVERSION = YES;
				CLANG_WARN_OBJC_IMPLICIT_RETAIN_SELF = YES;
				CLANG_WARN_OBJC_LITERAL_CONVERSION = YES;
				CLANG_WARN_OBJC_ROOT_CLASS = YES_ERROR;
				CLANG_WARN_QUOTED_INCLUDE_IN_FRAMEWORK_HEADER = YES;
				CLANG_WARN_RANGE_LOOP_ANALYSIS = YES;
				CLANG_WARN_STRICT_PROTOTYPES = YES;
				CLANG_WARN_SUSPICIOUS_MOVE = YES;
				CLANG_WARN_UNGUARDED_AVAILABILITY = YES_AGGRESSIVE;
				CLANG_WARN_UNREACHABLE_CODE = YES;
				CLANG_WARN__DUPLICATE_METHOD_MATCH = YES;
				COPY_PHASE_STRIP = NO;
				DEBUG_INFORMATION_FORMAT = dwarf;
				ENABLE_STRICT_OBJC_MSGSEND = YES;
				ENABLE_TESTABILITY = YES;
				GCC_C_LANGUAGE_STANDARD = gnu11;
				GCC_DYNAMIC_NO_PIC = NO;
				GCC_NO_COMMON_BLOCKS = YES;
				GCC_OPTIMIZATION_LEVEL = 0;
				GCC_PREPROCESSOR_DEFINITIONS = (
					"DEBUG=1",
					"$(inherited)",
				);
				GCC_WARN_64_TO_32_BIT_CONVERSION = YES;
				GCC_WARN_ABOUT_RETURN_TYPE = YES_ERROR;
				GCC_WARN_UNDECLARED_SELECTOR = YES;
				GCC_WARN_UNINITIALIZED_AUTOS = YES_AGGRESSIVE;
				GCC_WARN_UNUSED_FUNCTION = YES;
				GCC_WARN_UNUSED_VARIABLE = YES;
				IPHONEOS_DEPLOYMENT_TARGET = 15.5;
				MTL_ENABLE_DEBUG_INFO = INCLUDE_SOURCE;
				MTL_FAST_MATH = YES;
				ONLY_ACTIVE_ARCH = YES;
				SDKROOT = iphoneos;
				SWIFT_ACTIVE_COMPILATION_CONDITIONS = DEBUG;
				SWIFT_OPTIMIZATION_LEVEL = "-Onone";
			};
			name = Debug;
		};
		66B0214028E790A000EEA261 /* Release */ = {
			isa = XCBuildConfiguration;
			buildSettings = {
				ALWAYS_SEARCH_USER_PATHS = NO;
				CLANG_ANALYZER_NONNULL = YES;
				CLANG_ANALYZER_NUMBER_OBJECT_CONVERSION = YES_AGGRESSIVE;
				CLANG_CXX_LANGUAGE_STANDARD = "gnu++17";
				CLANG_ENABLE_MODULES = YES;
				CLANG_ENABLE_OBJC_ARC = YES;
				CLANG_ENABLE_OBJC_WEAK = YES;
				CLANG_WARN_BLOCK_CAPTURE_AUTORELEASING = YES;
				CLANG_WARN_BOOL_CONVERSION = YES;
				CLANG_WARN_COMMA = YES;
				CLANG_WARN_CONSTANT_CONVERSION = YES;
				CLANG_WARN_DEPRECATED_OBJC_IMPLEMENTATIONS = YES;
				CLANG_WARN_DIRECT_OBJC_ISA_USAGE = YES_ERROR;
				CLANG_WARN_DOCUMENTATION_COMMENTS = YES;
				CLANG_WARN_EMPTY_BODY = YES;
				CLANG_WARN_ENUM_CONVERSION = YES;
				CLANG_WARN_INFINITE_RECURSION = YES;
				CLANG_WARN_INT_CONVERSION = YES;
				CLANG_WARN_NON_LITERAL_NULL_CONVERSION = YES;
				CLANG_WARN_OBJC_IMPLICIT_RETAIN_SELF = YES;
				CLANG_WARN_OBJC_LITERAL_CONVERSION = YES;
				CLANG_WARN_OBJC_ROOT_CLASS = YES_ERROR;
				CLANG_WARN_QUOTED_INCLUDE_IN_FRAMEWORK_HEADER = YES;
				CLANG_WARN_RANGE_LOOP_ANALYSIS = YES;
				CLANG_WARN_STRICT_PROTOTYPES = YES;
				CLANG_WARN_SUSPICIOUS_MOVE = YES;
				CLANG_WARN_UNGUARDED_AVAILABILITY = YES_AGGRESSIVE;
				CLANG_WARN_UNREACHABLE_CODE = YES;
				CLANG_WARN__DUPLICATE_METHOD_MATCH = YES;
				COPY_PHASE_STRIP = NO;
				DEBUG_INFORMATION_FORMAT = "dwarf-with-dsym";
				ENABLE_NS_ASSERTIONS = NO;
				ENABLE_STRICT_OBJC_MSGSEND = YES;
				GCC_C_LANGUAGE_STANDARD = gnu11;
				GCC_NO_COMMON_BLOCKS = YES;
				GCC_WARN_64_TO_32_BIT_CONVERSION = YES;
				GCC_WARN_ABOUT_RETURN_TYPE = YES_ERROR;
				GCC_WARN_UNDECLARED_SELECTOR = YES;
				GCC_WARN_UNINITIALIZED_AUTOS = YES_AGGRESSIVE;
				GCC_WARN_UNUSED_FUNCTION = YES;
				GCC_WARN_UNUSED_VARIABLE = YES;
				IPHONEOS_DEPLOYMENT_TARGET = 15.5;
				MTL_ENABLE_DEBUG_INFO = NO;
				MTL_FAST_MATH = YES;
				SDKROOT = iphoneos;
				SWIFT_COMPILATION_MODE = wholemodule;
				SWIFT_OPTIMIZATION_LEVEL = "-O";
				VALIDATE_PRODUCT = YES;
			};
			name = Release;
		};
		66B0214228E790A000EEA261 /* Debug */ = {
			isa = XCBuildConfiguration;
			buildSettings = {
				ASSETCATALOG_COMPILER_APPICON_NAME = AppIcon;
				ASSETCATALOG_COMPILER_GLOBAL_ACCENT_COLOR_NAME = AccentColor;
				CODE_SIGN_STYLE = Automatic;
				CURRENT_PROJECT_VERSION = 1;
				GENERATE_INFOPLIST_FILE = YES;
				INFOPLIST_FILE = RestaurantApp/Info.plist;
				INFOPLIST_KEY_UIApplicationSupportsIndirectInputEvents = YES;
				INFOPLIST_KEY_UILaunchStoryboardName = LaunchScreen;
				INFOPLIST_KEY_UIMainStoryboardFile = Main;
				INFOPLIST_KEY_UISupportedInterfaceOrientations_iPad = "UIInterfaceOrientationPortrait UIInterfaceOrientationPortraitUpsideDown UIInterfaceOrientationLandscapeLeft UIInterfaceOrientationLandscapeRight";
				INFOPLIST_KEY_UISupportedInterfaceOrientations_iPhone = "UIInterfaceOrientationPortrait UIInterfaceOrientationLandscapeLeft UIInterfaceOrientationLandscapeRight";
				LD_RUNPATH_SEARCH_PATHS = (
					"$(inherited)",
					"@executable_path/Frameworks",
				);
				MARKETING_VERSION = 1.0;
				PRODUCT_BUNDLE_IDENTIFIER = com.info.RestaurantApp;
				PRODUCT_NAME = "$(TARGET_NAME)";
				SWIFT_EMIT_LOC_STRINGS = YES;
				SWIFT_VERSION = 5.0;
				TARGETED_DEVICE_FAMILY = "1,2";
			};
			name = Debug;
		};
		66B0214328E790A000EEA261 /* Release */ = {
			isa = XCBuildConfiguration;
			buildSettings = {
				ASSETCATALOG_COMPILER_APPICON_NAME = AppIcon;
				ASSETCATALOG_COMPILER_GLOBAL_ACCENT_COLOR_NAME = AccentColor;
				CODE_SIGN_STYLE = Automatic;
				CURRENT_PROJECT_VERSION = 1;
				GENERATE_INFOPLIST_FILE = YES;
				INFOPLIST_FILE = RestaurantApp/Info.plist;
				INFOPLIST_KEY_UIApplicationSupportsIndirectInputEvents = YES;
				INFOPLIST_KEY_UILaunchStoryboardName = LaunchScreen;
				INFOPLIST_KEY_UIMainStoryboardFile = Main;
				INFOPLIST_KEY_UISupportedInterfaceOrientations_iPad = "UIInterfaceOrientationPortrait UIInterfaceOrientationPortraitUpsideDown UIInterfaceOrientationLandscapeLeft UIInterfaceOrientationLandscapeRight";
				INFOPLIST_KEY_UISupportedInterfaceOrientations_iPhone = "UIInterfaceOrientationPortrait UIInterfaceOrientationLandscapeLeft UIInterfaceOrientationLandscapeRight";
				LD_RUNPATH_SEARCH_PATHS = (
					"$(inherited)",
					"@executable_path/Frameworks",
				);
				MARKETING_VERSION = 1.0;
				PRODUCT_BUNDLE_IDENTIFIER = com.info.RestaurantApp;
				PRODUCT_NAME = "$(TARGET_NAME)";
				SWIFT_EMIT_LOC_STRINGS = YES;
				SWIFT_VERSION = 5.0;
				TARGETED_DEVICE_FAMILY = "1,2";
			};
			name = Release;
		};
/* End XCBuildConfiguration section */

/* Begin XCConfigurationList section */
		66B0212828E790A000EEA261 /* Build configuration list for PBXProject "RestaurantApp" */ = {
			isa = XCConfigurationList;
			buildConfigurations = (
				66B0213F28E790A000EEA261 /* Debug */,
				66B0214028E790A000EEA261 /* Release */,
			);
			defaultConfigurationIsVisible = 0;
			defaultConfigurationName = Release;
		};
		66B0214128E790A000EEA261 /* Build configuration list for PBXNativeTarget "RestaurantApp" */ = {
			isa = XCConfigurationList;
			buildConfigurations = (
				66B0214228E790A000EEA261 /* Debug */,
				66B0214328E790A000EEA261 /* Release */,
			);
			defaultConfigurationIsVisible = 0;
			defaultConfigurationName = Release;
		};
/* End XCConfigurationList section */
	};
	rootObject = 66B0212528E790A000EEA261 /* Project object */;
}
